
Microsoft Visual Studio Solution File, Format Version 12.00
# Visual Studio Version 16
VisualStudioVersion = 16.0.29001.49
MinimumVisualStudioVersion = 10.0.40219.1
Project("{FAE04EC0-301F-11D3-BF4B-00C04F79EFBC}") = "WebAPI", "WebAPI.csproj", "{656D7314-0492-4F55-8A74-26A64D5805D1}"
EndProject
Global
	GlobalSection(SolutionConfigurationPlatforms) = preSolution
		Debug|Any CPU = Debug|Any CPU
		Release|Any CPU = Release|Any CPU
	EndGlobalSection
	GlobalSection(ProjectConfigurationPlatforms) = postSolution
		{656D7314-0492-4F55-8A74-26A64D5805D1}.Debug|Any CPU.ActiveCfg = Debug|Any CPU
		{656D7314-0492-4F55-8A74-26A64D5805D1}.Debug|Any CPU.Build.0 = Debug|Any CPU
		{656D7314-0492-4F55-8A74-26A64D5805D1}.Release|Any CPU.ActiveCfg = Release|Any CPU
		{656D7314-0492-4F55-8A74-26A64D5805D1}.Release|Any CPU.Build.0 = Release|Any CPU
	EndGlobalSection
	GlobalSection(SolutionProperties) = preSolution
		HideSolutionNode = FALSE
	EndGlobalSection
	GlobalSection(ExtensibilityGlobals) = postSolution
		SolutionGuid = {344C3632-AFF7-4083-934C-D7E57F234483}
	EndGlobalSection
EndGlobal
