
Microsoft Visual Studio Solution File, Format Version 12.00
# Visual Studio Version 16
VisualStudioVersion = 16.0.29001.49
MinimumVisualStudioVersion = 10.0.40219.1
Project("{9A19103F-16F7-4668-BE54-9A1E7A4F7556}") = "MyLibrary", "MyLibrary.csproj", "{39AEC1E4-A389-456F-B4B6-DBCFF315CCDC}"
EndProject
Project("{9A19103F-16F7-4668-BE54-9A1E7A4F7556}") = "MyLibraryLaptopTestProj", "..\MyLibraryLaptopTestProj\MyLibraryLaptopTestProj.csproj", "{FEE3A609-E6BA-4367-B6BF-26F06FA5E008}"
EndProject
Project("{FAE04EC0-301F-11D3-BF4B-00C04F79EFBC}") = "TwiExact", "..\TwiExact\TwiExact.csproj", "{393BD62E-12AD-4A39-9690-AA4D0CCAB170}"
EndProject
Project("{FAE04EC0-301F-11D3-BF4B-00C04F79EFBC}") = "TwiExactTests", "..\TwiExactTests\TwiExactTests.csproj", "{4C06F203-5B11-40DA-8EFA-353BC93B7EBE}"
	ProjectSection(ProjectDependencies) = postProject
		{393BD62E-12AD-4A39-9690-AA4D0CCAB170} = {393BD62E-12AD-4A39-9690-AA4D0CCAB170}
	EndProjectSection
EndProject
Global
	GlobalSection(SolutionConfigurationPlatforms) = preSolution
		Debug|Any CPU = Debug|Any CPU
		Release|Any CPU = Release|Any CPU
	EndGlobalSection
	GlobalSection(ProjectConfigurationPlatforms) = postSolution
		{39AEC1E4-A389-456F-B4B6-DBCFF315CCDC}.Debug|Any CPU.ActiveCfg = Debug|Any CPU
		{39AEC1E4-A389-456F-B4B6-DBCFF315CCDC}.Debug|Any CPU.Build.0 = Debug|Any CPU
		{39AEC1E4-A389-456F-B4B6-DBCFF315CCDC}.Release|Any CPU.ActiveCfg = Release|Any CPU
		{39AEC1E4-A389-456F-B4B6-DBCFF315CCDC}.Release|Any CPU.Build.0 = Release|Any CPU
		{FEE3A609-E6BA-4367-B6BF-26F06FA5E008}.Debug|Any CPU.ActiveCfg = Debug|Any CPU
		{FEE3A609-E6BA-4367-B6BF-26F06FA5E008}.Debug|Any CPU.Build.0 = Debug|Any CPU
		{FEE3A609-E6BA-4367-B6BF-26F06FA5E008}.Release|Any CPU.ActiveCfg = Release|Any CPU
		{FEE3A609-E6BA-4367-B6BF-26F06FA5E008}.Release|Any CPU.Build.0 = Release|Any CPU
		{393BD62E-12AD-4A39-9690-AA4D0CCAB170}.Debug|Any CPU.ActiveCfg = Debug|Any CPU
		{393BD62E-12AD-4A39-9690-AA4D0CCAB170}.Debug|Any CPU.Build.0 = Debug|Any CPU
		{393BD62E-12AD-4A39-9690-AA4D0CCAB170}.Release|Any CPU.ActiveCfg = Release|Any CPU
		{393BD62E-12AD-4A39-9690-AA4D0CCAB170}.Release|Any CPU.Build.0 = Release|Any CPU
		{4C06F203-5B11-40DA-8EFA-353BC93B7EBE}.Debug|Any CPU.ActiveCfg = Debug|Any CPU
		{4C06F203-5B11-40DA-8EFA-353BC93B7EBE}.Debug|Any CPU.Build.0 = Debug|Any CPU
		{4C06F203-5B11-40DA-8EFA-353BC93B7EBE}.Release|Any CPU.ActiveCfg = Release|Any CPU
		{4C06F203-5B11-40DA-8EFA-353BC93B7EBE}.Release|Any CPU.Build.0 = Release|Any CPU
	EndGlobalSection
	GlobalSection(SolutionProperties) = preSolution
		HideSolutionNode = FALSE
	EndGlobalSection
	GlobalSection(ExtensibilityGlobals) = postSolution
		SolutionGuid = {31C19ABB-3AB0-467F-9AC1-8F5F84B058C5}
	EndGlobalSection
EndGlobal
