
Microsoft Visual Studio Solution File, Format Version 12.00
# Visual Studio Version 16
VisualStudioVersion = 16.0.29001.49
MinimumVisualStudioVersion = 10.0.40219.1
Project("{FAE04EC0-301F-11D3-BF4B-00C04F79EFBC}") = "RazorPagesMovie", "RazorPagesMovie.csproj", "{12108900-3E4F-45E5-ABC6-9E43AAB103AF}"
EndProject
Global
	GlobalSection(SolutionConfigurationPlatforms) = preSolution
		Debug|Any CPU = Debug|Any CPU
		Release|Any CPU = Release|Any CPU
	EndGlobalSection
	GlobalSection(ProjectConfigurationPlatforms) = postSolution
		{12108900-3E4F-45E5-ABC6-9E43AAB103AF}.Debug|Any CPU.ActiveCfg = Debug|Any CPU
		{12108900-3E4F-45E5-ABC6-9E43AAB103AF}.Debug|Any CPU.Build.0 = Debug|Any CPU
		{12108900-3E4F-45E5-ABC6-9E43AAB103AF}.Release|Any CPU.ActiveCfg = Release|Any CPU
		{12108900-3E4F-45E5-ABC6-9E43AAB103AF}.Release|Any CPU.Build.0 = Release|Any CPU
	EndGlobalSection
	GlobalSection(SolutionProperties) = preSolution
		HideSolutionNode = FALSE
	EndGlobalSection
	GlobalSection(ExtensibilityGlobals) = postSolution
		SolutionGuid = {131CFC0F-403F-4090-ACA4-2279605E28C4}
	EndGlobalSection
EndGlobal
