
Microsoft Visual Studio Solution File, Format Version 12.00
# Visual Studio Version 16
VisualStudioVersion = 16.0.29001.49
MinimumVisualStudioVersion = 10.0.40219.1
Project("{FAE04EC0-301F-11D3-BF4B-00C04F79EFBC}") = "NetCoreAttempProject", "NetCoreAttempProject.csproj", "{AE353DA8-2F1E-4410-8222-501545F539E4}"
EndProject
Global
	GlobalSection(SolutionConfigurationPlatforms) = preSolution
		Debug|Any CPU = Debug|Any CPU
		Release|Any CPU = Release|Any CPU
	EndGlobalSection
	GlobalSection(ProjectConfigurationPlatforms) = postSolution
		{AE353DA8-2F1E-4410-8222-501545F539E4}.Debug|Any CPU.ActiveCfg = Debug|Any CPU
		{AE353DA8-2F1E-4410-8222-501545F539E4}.Debug|Any CPU.Build.0 = Debug|Any CPU
		{AE353DA8-2F1E-4410-8222-501545F539E4}.Release|Any CPU.ActiveCfg = Release|Any CPU
		{AE353DA8-2F1E-4410-8222-501545F539E4}.Release|Any CPU.Build.0 = Release|Any CPU
	EndGlobalSection
	GlobalSection(SolutionProperties) = preSolution
		HideSolutionNode = FALSE
	EndGlobalSection
	GlobalSection(ExtensibilityGlobals) = postSolution
		SolutionGuid = {0871E8A6-9671-4A9E-86B9-FED3FAE0E6F1}
	EndGlobalSection
EndGlobal
