
Microsoft Visual Studio Solution File, Format Version 12.00
# Visual Studio Version 16
VisualStudioVersion = 16.0.29001.49
MinimumVisualStudioVersion = 10.0.40219.1
Project("{FAE04EC0-301F-11D3-BF4B-00C04F79EFBC}") = "HTMLJustForFun", "HTMLJustForFun.csproj", "{1390D5D4-A9AB-46C6-88E0-0859AE01EEDC}"
EndProject
Project("{FAE04EC0-301F-11D3-BF4B-00C04F79EFBC}") = "HTMLJustForFunTests", "..\HTMLJustForFunTests\HTMLJustForFunTests.csproj", "{A36503B1-3D2A-40D0-865B-73829737A0A7}"
EndProject
Global
	GlobalSection(SolutionConfigurationPlatforms) = preSolution
		Debug|Any CPU = Debug|Any CPU
		Release|Any CPU = Release|Any CPU
	EndGlobalSection
	GlobalSection(ProjectConfigurationPlatforms) = postSolution
		{1390D5D4-A9AB-46C6-88E0-0859AE01EEDC}.Debug|Any CPU.ActiveCfg = Debug|Any CPU
		{1390D5D4-A9AB-46C6-88E0-0859AE01EEDC}.Debug|Any CPU.Build.0 = Debug|Any CPU
		{1390D5D4-A9AB-46C6-88E0-0859AE01EEDC}.Release|Any CPU.ActiveCfg = Release|Any CPU
		{1390D5D4-A9AB-46C6-88E0-0859AE01EEDC}.Release|Any CPU.Build.0 = Release|Any CPU
		{A36503B1-3D2A-40D0-865B-73829737A0A7}.Debug|Any CPU.ActiveCfg = Debug|Any CPU
		{A36503B1-3D2A-40D0-865B-73829737A0A7}.Debug|Any CPU.Build.0 = Debug|Any CPU
		{A36503B1-3D2A-40D0-865B-73829737A0A7}.Release|Any CPU.ActiveCfg = Release|Any CPU
		{A36503B1-3D2A-40D0-865B-73829737A0A7}.Release|Any CPU.Build.0 = Release|Any CPU
	EndGlobalSection
	GlobalSection(SolutionProperties) = preSolution
		HideSolutionNode = FALSE
	EndGlobalSection
	GlobalSection(ExtensibilityGlobals) = postSolution
		SolutionGuid = {3EC005F0-B4B6-4DE6-B42E-9497B4150530}
	EndGlobalSection
EndGlobal
